
Microsoft Visual Studio Solution File, Format Version 12.00
# Visual Studio Version 17
VisualStudioVersion = 17.4.33122.133
MinimumVisualStudioVersion = 10.0.40219.1
Project("{9A19103F-16F7-4668-BE54-9A1E7A4F7556}") = "first_prog", "first_prog\first_prog.csproj", "{6871391F-B207-4C61-9290-15A59F82332D}"
EndProject
Project("{9A19103F-16F7-4668-BE54-9A1E7A4F7556}") = "variable", "variable\variable.csproj", "{C4BA5F64-2E0F-47D0-8D45-C3F288DBC23F}"
EndProject
Project("{9A19103F-16F7-4668-BE54-9A1E7A4F7556}") = "method", "method\method.csproj", "{9E006CD6-087A-41D6-B167-B6DD63FE0F22}"
EndProject
Project("{9A19103F-16F7-4668-BE54-9A1E7A4F7556}") = "class_obj_inst", "class_obj_inst\class_obj_inst.csproj", "{B4B0D8DE-898A-44C5-86F4-2498D3A93A85}"
EndProject
Project("{9A19103F-16F7-4668-BE54-9A1E7A4F7556}") = "class_example", "class_example\class_example.csproj", "{D78F9B93-7466-4687-8BCF-7F45ACCAFBE8}"
EndProject
Project("{9A19103F-16F7-4668-BE54-9A1E7A4F7556}") = "if_statement", "if_statement\if_statement.csproj", "{2BF85FD4-D2F7-4ED2-BFD9-103D56F9CCF4}"
EndProject
Project("{9A19103F-16F7-4668-BE54-9A1E7A4F7556}") = "operators", "operators\operators.csproj", "{6C856C1E-8B22-45A7-A245-0B6997BE96AE}"
EndProject
Project("{9A19103F-16F7-4668-BE54-9A1E7A4F7556}") = "array", "array\array.csproj", "{A72DEA68-38EC-43FB-B5D7-0F03F2007395}"
EndProject
Project("{9A19103F-16F7-4668-BE54-9A1E7A4F7556}") = "loop_statements", "loop_statements\loop_statements.csproj", "{485D9B95-22CD-482E-A09D-1397946DFE2B}"
EndProject
Project("{9A19103F-16F7-4668-BE54-9A1E7A4F7556}") = "array2d", "array2d\array2d.csproj", "{E2ED44AB-82B8-4CE7-A68C-DE9B714ED52F}"
EndProject
Project("{FAE04EC0-301F-11D3-BF4B-00C04F79EFBC}") = "enum_switch_case", "enum_switch_case\enum_switch_case.csproj", "{2AB71837-CD16-4660-B108-43671E61C585}"
EndProject
Project("{FAE04EC0-301F-11D3-BF4B-00C04F79EFBC}") = "horse_racing", "horse_racing\horse_racing.csproj", "{2AFA702E-7BD7-4D95-B899-F5D0741EB34A}"
EndProject
Global
	GlobalSection(SolutionConfigurationPlatforms) = preSolution
		Debug|Any CPU = Debug|Any CPU
		Release|Any CPU = Release|Any CPU
	EndGlobalSection
	GlobalSection(ProjectConfigurationPlatforms) = postSolution
		{6871391F-B207-4C61-9290-15A59F82332D}.Debug|Any CPU.ActiveCfg = Debug|Any CPU
		{6871391F-B207-4C61-9290-15A59F82332D}.Debug|Any CPU.Build.0 = Debug|Any CPU
		{6871391F-B207-4C61-9290-15A59F82332D}.Release|Any CPU.ActiveCfg = Release|Any CPU
		{6871391F-B207-4C61-9290-15A59F82332D}.Release|Any CPU.Build.0 = Release|Any CPU
		{C4BA5F64-2E0F-47D0-8D45-C3F288DBC23F}.Debug|Any CPU.ActiveCfg = Debug|Any CPU
		{C4BA5F64-2E0F-47D0-8D45-C3F288DBC23F}.Debug|Any CPU.Build.0 = Debug|Any CPU
		{C4BA5F64-2E0F-47D0-8D45-C3F288DBC23F}.Release|Any CPU.ActiveCfg = Release|Any CPU
		{C4BA5F64-2E0F-47D0-8D45-C3F288DBC23F}.Release|Any CPU.Build.0 = Release|Any CPU
		{9E006CD6-087A-41D6-B167-B6DD63FE0F22}.Debug|Any CPU.ActiveCfg = Debug|Any CPU
		{9E006CD6-087A-41D6-B167-B6DD63FE0F22}.Debug|Any CPU.Build.0 = Debug|Any CPU
		{9E006CD6-087A-41D6-B167-B6DD63FE0F22}.Release|Any CPU.ActiveCfg = Release|Any CPU
		{9E006CD6-087A-41D6-B167-B6DD63FE0F22}.Release|Any CPU.Build.0 = Release|Any CPU
		{B4B0D8DE-898A-44C5-86F4-2498D3A93A85}.Debug|Any CPU.ActiveCfg = Debug|Any CPU
		{B4B0D8DE-898A-44C5-86F4-2498D3A93A85}.Debug|Any CPU.Build.0 = Debug|Any CPU
		{B4B0D8DE-898A-44C5-86F4-2498D3A93A85}.Release|Any CPU.ActiveCfg = Release|Any CPU
		{B4B0D8DE-898A-44C5-86F4-2498D3A93A85}.Release|Any CPU.Build.0 = Release|Any CPU
		{D78F9B93-7466-4687-8BCF-7F45ACCAFBE8}.Debug|Any CPU.ActiveCfg = Debug|Any CPU
		{D78F9B93-7466-4687-8BCF-7F45ACCAFBE8}.Debug|Any CPU.Build.0 = Debug|Any CPU
		{D78F9B93-7466-4687-8BCF-7F45ACCAFBE8}.Release|Any CPU.ActiveCfg = Release|Any CPU
		{D78F9B93-7466-4687-8BCF-7F45ACCAFBE8}.Release|Any CPU.Build.0 = Release|Any CPU
		{2BF85FD4-D2F7-4ED2-BFD9-103D56F9CCF4}.Debug|Any CPU.ActiveCfg = Debug|Any CPU
		{2BF85FD4-D2F7-4ED2-BFD9-103D56F9CCF4}.Debug|Any CPU.Build.0 = Debug|Any CPU
		{2BF85FD4-D2F7-4ED2-BFD9-103D56F9CCF4}.Release|Any CPU.ActiveCfg = Release|Any CPU
		{2BF85FD4-D2F7-4ED2-BFD9-103D56F9CCF4}.Release|Any CPU.Build.0 = Release|Any CPU
		{6C856C1E-8B22-45A7-A245-0B6997BE96AE}.Debug|Any CPU.ActiveCfg = Debug|Any CPU
		{6C856C1E-8B22-45A7-A245-0B6997BE96AE}.Debug|Any CPU.Build.0 = Debug|Any CPU
		{6C856C1E-8B22-45A7-A245-0B6997BE96AE}.Release|Any CPU.ActiveCfg = Release|Any CPU
		{6C856C1E-8B22-45A7-A245-0B6997BE96AE}.Release|Any CPU.Build.0 = Release|Any CPU
		{A72DEA68-38EC-43FB-B5D7-0F03F2007395}.Debug|Any CPU.ActiveCfg = Debug|Any CPU
		{A72DEA68-38EC-43FB-B5D7-0F03F2007395}.Debug|Any CPU.Build.0 = Debug|Any CPU
		{A72DEA68-38EC-43FB-B5D7-0F03F2007395}.Release|Any CPU.ActiveCfg = Release|Any CPU
		{A72DEA68-38EC-43FB-B5D7-0F03F2007395}.Release|Any CPU.Build.0 = Release|Any CPU
		{485D9B95-22CD-482E-A09D-1397946DFE2B}.Debug|Any CPU.ActiveCfg = Debug|Any CPU
		{485D9B95-22CD-482E-A09D-1397946DFE2B}.Debug|Any CPU.Build.0 = Debug|Any CPU
		{485D9B95-22CD-482E-A09D-1397946DFE2B}.Release|Any CPU.ActiveCfg = Release|Any CPU
		{485D9B95-22CD-482E-A09D-1397946DFE2B}.Release|Any CPU.Build.0 = Release|Any CPU
		{E2ED44AB-82B8-4CE7-A68C-DE9B714ED52F}.Debug|Any CPU.ActiveCfg = Debug|Any CPU
		{E2ED44AB-82B8-4CE7-A68C-DE9B714ED52F}.Debug|Any CPU.Build.0 = Debug|Any CPU
		{E2ED44AB-82B8-4CE7-A68C-DE9B714ED52F}.Release|Any CPU.ActiveCfg = Release|Any CPU
		{E2ED44AB-82B8-4CE7-A68C-DE9B714ED52F}.Release|Any CPU.Build.0 = Release|Any CPU
		{2AB71837-CD16-4660-B108-43671E61C585}.Debug|Any CPU.ActiveCfg = Debug|Any CPU
		{2AB71837-CD16-4660-B108-43671E61C585}.Debug|Any CPU.Build.0 = Debug|Any CPU
		{2AB71837-CD16-4660-B108-43671E61C585}.Release|Any CPU.ActiveCfg = Release|Any CPU
		{2AB71837-CD16-4660-B108-43671E61C585}.Release|Any CPU.Build.0 = Release|Any CPU
		{2AFA702E-7BD7-4D95-B899-F5D0741EB34A}.Debug|Any CPU.ActiveCfg = Debug|Any CPU
		{2AFA702E-7BD7-4D95-B899-F5D0741EB34A}.Debug|Any CPU.Build.0 = Debug|Any CPU
		{2AFA702E-7BD7-4D95-B899-F5D0741EB34A}.Release|Any CPU.ActiveCfg = Release|Any CPU
		{2AFA702E-7BD7-4D95-B899-F5D0741EB34A}.Release|Any CPU.Build.0 = Release|Any CPU
	EndGlobalSection
	GlobalSection(SolutionProperties) = preSolution
		HideSolutionNode = FALSE
	EndGlobalSection
	GlobalSection(ExtensibilityGlobals) = postSolution
		SolutionGuid = {652B40A3-1B6F-4F83-B84F-57BBEE1E6003}
	EndGlobalSection
EndGlobal
